# This file is automatically @generated by Cargo.
# It is not intended for manual editing.
version = 4

[[package]]
name = "nextmeeting-client"
version = "0.1.0"

[[package]]
name = "nextmeeting-core"
version = "0.1.0"

[[package]]
name = "nextmeeting-protocol"
version = "0.1.0"

[[package]]
name = "nextmeeting-providers"
version = "0.1.0"

[[package]]
name = "nextmeeting-server"
version = "0.1.0"
